
Microsoft Visual Studio Solution File, Format Version 12.00
# Visual Studio Version 17
VisualStudioVersion = 17.10.35013.160
MinimumVisualStudioVersion = 10.0.40219.1
Project("{FAE04EC0-301F-11D3-BF4B-00C04F79EFBC}") = "AstolfoBeanPlushie", "AstolfoBeanPlushie\AstolfoBeanPlushie.csproj", "{B13673FC-BFD0-479A-85B3-FD9E0A62347D}"
EndProject
Global
	GlobalSection(SolutionConfigurationPlatforms) = preSolution
		Debug|Any CPU = Debug|Any CPU
		Release|Any CPU = Release|Any CPU
	EndGlobalSection
	GlobalSection(ProjectConfigurationPlatforms) = postSolution
		{B13673FC-BFD0-479A-85B3-FD9E0A62347D}.Debug|Any CPU.ActiveCfg = Debug|Any CPU
		{B13673FC-BFD0-479A-85B3-FD9E0A62347D}.Debug|Any CPU.Build.0 = Debug|Any CPU
		{B13673FC-BFD0-479A-85B3-FD9E0A62347D}.Release|Any CPU.ActiveCfg = Release|Any CPU
		{B13673FC-BFD0-479A-85B3-FD9E0A62347D}.Release|Any CPU.Build.0 = Release|Any CPU
	EndGlobalSection
	GlobalSection(SolutionProperties) = preSolution
		HideSolutionNode = FALSE
	EndGlobalSection
	GlobalSection(ExtensibilityGlobals) = postSolution
		SolutionGuid = {880278A4-D840-4242-ABE3-1B1BD6D82033}
	EndGlobalSection
EndGlobal
